// !$*UTF8*$!
{
	archiveVersion = 1;
	classes = {
	};
	objectVersion = 46;
	objects = {

/* Begin PBXBuildFile section */
		150A11C31DCD2566002397E4 /* AppDelegate.swift in Sources */ = {isa = PBXBuildFile; fileRef = 150A11C21DCD2566002397E4 /* AppDelegate.swift */; };
		150A11C81DCD2566002397E4 /* Main.storyboard in Resources */ = {isa = PBXBuildFile; fileRef = 150A11C61DCD2566002397E4 /* Main.storyboard */; };
		150A11CA1DCD2566002397E4 /* Assets.xcassets in Resources */ = {isa = PBXBuildFile; fileRef = 150A11C91DCD2566002397E4 /* Assets.xcassets */; };
		150A11CD1DCD2566002397E4 /* LaunchScreen.storyboard in Resources */ = {isa = PBXBuildFile; fileRef = 150A11CB1DCD2566002397E4 /* LaunchScreen.storyboard */; };
		150A11E31DCD2566002397E4 /* Amaro_TestUITests.swift in Sources */ = {isa = PBXBuildFile; fileRef = 150A11E21DCD2566002397E4 /* Amaro_TestUITests.swift */; };
		150A11F21DCD26AC002397E4 /* products.json in Resources */ = {isa = PBXBuildFile; fileRef = 150A11F11DCD26AC002397E4 /* products.json */; };
		150A11F51DCD271D002397E4 /* Product.swift in Sources */ = {isa = PBXBuildFile; fileRef = 150A11F41DCD271D002397E4 /* Product.swift */; };
		150A11F71DCD2935002397E4 /* ProductSize.swift in Sources */ = {isa = PBXBuildFile; fileRef = 150A11F61DCD2935002397E4 /* ProductSize.swift */; };
		150A11FA1DCD29F7002397E4 /* ProductService.swift in Sources */ = {isa = PBXBuildFile; fileRef = 150A11F91DCD29F7002397E4 /* ProductService.swift */; };
		150A11FD1DCD2A4D002397E4 /* Loader.swift in Sources */ = {isa = PBXBuildFile; fileRef = 150A11FC1DCD2A4D002397E4 /* Loader.swift */; };
		150A12001DCD2BAF002397E4 /* ProductDiskModelParser.swift in Sources */ = {isa = PBXBuildFile; fileRef = 150A11FF1DCD2BAF002397E4 /* ProductDiskModelParser.swift */; };
		150A12031DCD2C04002397E4 /* Parseable.swift in Sources */ = {isa = PBXBuildFile; fileRef = 150A12021DCD2C04002397E4 /* Parseable.swift */; };
		150A12051DCD2EEB002397E4 /* SizesDiskModelParser.swift in Sources */ = {isa = PBXBuildFile; fileRef = 150A12041DCD2EEB002397E4 /* SizesDiskModelParser.swift */; };
		150A12071DCD3244002397E4 /* Cart.swift in Sources */ = {isa = PBXBuildFile; fileRef = 150A12061DCD3244002397E4 /* Cart.swift */; };
		150A120D1DCD367D002397E4 /* ListProduct_Test.swift in Sources */ = {isa = PBXBuildFile; fileRef = 150A120C1DCD367D002397E4 /* ListProduct_Test.swift */; };
		150A120F1DCD3AC7002397E4 /* CartProduct_Test.swift in Sources */ = {isa = PBXBuildFile; fileRef = 150A120E1DCD3AC7002397E4 /* CartProduct_Test.swift */; };
		154E73AC1DCF66DA00DE65B3 /* ProductsViewController.swift in Sources */ = {isa = PBXBuildFile; fileRef = 154E73AB1DCF66DA00DE65B3 /* ProductsViewController.swift */; };
		154E73B11DCF676700DE65B3 /* CartViewController.swift in Sources */ = {isa = PBXBuildFile; fileRef = 154E73B01DCF676700DE65B3 /* CartViewController.swift */; };
		154E73B41DCF6B8C00DE65B3 /* Reusable.swift in Sources */ = {isa = PBXBuildFile; fileRef = 154E73B31DCF6B8C00DE65B3 /* Reusable.swift */; };
		154E73B71DCF6BF800DE65B3 /* UICollectionView_Extension.swift in Sources */ = {isa = PBXBuildFile; fileRef = 154E73B61DCF6BF800DE65B3 /* UICollectionView_Extension.swift */; };
		154E73BA1DCF6DE000DE65B3 /* OnSaleHeaderView.swift in Sources */ = {isa = PBXBuildFile; fileRef = 154E73B91DCF6DE000DE65B3 /* OnSaleHeaderView.swift */; };
		154E73BC1DCF6E0300DE65B3 /* ProductViewCell.swift in Sources */ = {isa = PBXBuildFile; fileRef = 154E73BB1DCF6E0300DE65B3 /* ProductViewCell.swift */; };
		154E73C01DCF79AC00DE65B3 /* ConfigurableUI.swift in Sources */ = {isa = PBXBuildFile; fileRef = 154E73BF1DCF79AC00DE65B3 /* ConfigurableUI.swift */; };
		154E73C21DCF79ED00DE65B3 /* UIView_Extension.swift in Sources */ = {isa = PBXBuildFile; fileRef = 154E73C11DCF79ED00DE65B3 /* UIView_Extension.swift */; };
		154E73C51DCF7BA900DE65B3 /* ProductData.swift in Sources */ = {isa = PBXBuildFile; fileRef = 154E73C41DCF7BA900DE65B3 /* ProductData.swift */; };
		154E73C81DCF7D7500DE65B3 /* ProductViewModel.swift in Sources */ = {isa = PBXBuildFile; fileRef = 154E73C71DCF7D7500DE65B3 /* ProductViewModel.swift */; };
		154E73CA1DCF7D9C00DE65B3 /* ProductViewProtocol.swift in Sources */ = {isa = PBXBuildFile; fileRef = 154E73C91DCF7D9C00DE65B3 /* ProductViewProtocol.swift */; };
		154E73CC1DCF7FC000DE65B3 /* ControllerDelegate.swift in Sources */ = {isa = PBXBuildFile; fileRef = 154E73CB1DCF7FC000DE65B3 /* ControllerDelegate.swift */; };
		154E73CF1DCF8A9900DE65B3 /* ImageRequest.swift in Sources */ = {isa = PBXBuildFile; fileRef = 154E73CE1DCF8A9900DE65B3 /* ImageRequest.swift */; };
		154E73D21DCF8C8B00DE65B3 /* Response.swift in Sources */ = {isa = PBXBuildFile; fileRef = 154E73D11DCF8C8B00DE65B3 /* Response.swift */; };
		154E73D41DCF8E5D00DE65B3 /* UIImageView_Extension.swift in Sources */ = {isa = PBXBuildFile; fileRef = 154E73D31DCF8E5D00DE65B3 /* UIImageView_Extension.swift */; };
		154E73D61DCF953500DE65B3 /* OnSaleProductViewCell.swift in Sources */ = {isa = PBXBuildFile; fileRef = 154E73D51DCF953500DE65B3 /* OnSaleProductViewCell.swift */; };
		154E73D91DCF960B00DE65B3 /* CollectionViewFlowLayout.swift in Sources */ = {isa = PBXBuildFile; fileRef = 154E73D81DCF960B00DE65B3 /* CollectionViewFlowLayout.swift */; };
		154E73DD1DCFF6BD00DE65B3 /* Util.swift in Sources */ = {isa = PBXBuildFile; fileRef = 154E73DC1DCFF6BD00DE65B3 /* Util.swift */; };
		154E73E21DD013D200DE65B3 /* DetailViewController.swift in Sources */ = {isa = PBXBuildFile; fileRef = 154E73E11DD013D200DE65B3 /* DetailViewController.swift */; };
		154E73E41DD014DD00DE65B3 /* DetailViewModel.swift in Sources */ = {isa = PBXBuildFile; fileRef = 154E73E31DD014DD00DE65B3 /* DetailViewModel.swift */; };
		154E73E71DD0151700DE65B3 /* DetailViewProtocol.swift in Sources */ = {isa = PBXBuildFile; fileRef = 154E73E61DD0151700DE65B3 /* DetailViewProtocol.swift */; };
		154E73EA1DD112AF00DE65B3 /* CartViewCell.swift in Sources */ = {isa = PBXBuildFile; fileRef = 154E73E91DD112AF00DE65B3 /* CartViewCell.swift */; };
		154E73EC1DD1130600DE65B3 /* UITableView_Extension.swift in Sources */ = {isa = PBXBuildFile; fileRef = 154E73EB1DD1130600DE65B3 /* UITableView_Extension.swift */; };
		154E73EE1DD1142700DE65B3 /* CartViewModel.swift in Sources */ = {isa = PBXBuildFile; fileRef = 154E73ED1DD1142700DE65B3 /* CartViewModel.swift */; };
		154E73F11DD1145B00DE65B3 /* CartViewProtocol.swift in Sources */ = {isa = PBXBuildFile; fileRef = 154E73F01DD1145B00DE65B3 /* CartViewProtocol.swift */; };
		154E73F31DD1148E00DE65B3 /* CartData.swift in Sources */ = {isa = PBXBuildFile; fileRef = 154E73F21DD1148E00DE65B3 /* CartData.swift */; };
		154E73F51DD129E000DE65B3 /* BUIStepper.swift in Sources */ = {isa = PBXBuildFile; fileRef = 154E73F41DD129E000DE65B3 /* BUIStepper.swift */; };
		154E73F71DD13A0200DE65B3 /* CartSectionView.swift in Sources */ = {isa = PBXBuildFile; fileRef = 154E73F61DD13A0200DE65B3 /* CartSectionView.swift */; };
		154E73F91DD13A1500DE65B3 /* CartSectionView.xib in Resources */ = {isa = PBXBuildFile; fileRef = 154E73F81DD13A1500DE65B3 /* CartSectionView.xib */; };
		15CF71DD1DD1FDF90044A6DF /* TabViewController.swift in Sources */ = {isa = PBXBuildFile; fileRef = 15CF71DC1DD1FDF90044A6DF /* TabViewController.swift */; };
		15CF71DF1DD22CF80044A6DF /* OnSaleHeaderViewDelegate.swift in Sources */ = {isa = PBXBuildFile; fileRef = 15CF71DE1DD22CF80044A6DF /* OnSaleHeaderViewDelegate.swift */; };
		15CF71E51DD236CF0044A6DF /* Localizable.strings in Resources */ = {isa = PBXBuildFile; fileRef = 15CF71E71DD236CF0044A6DF /* Localizable.strings */; };
/* End PBXBuildFile section */

/* Begin PBXContainerItemProxy section */
		150A11D41DCD2566002397E4 /* PBXContainerItemProxy */ = {
			isa = PBXContainerItemProxy;
			containerPortal = 150A11B71DCD2566002397E4 /* Project object */;
			proxyType = 1;
			remoteGlobalIDString = 150A11BE1DCD2566002397E4;
			remoteInfo = "Amaro Test";
		};
		150A11DF1DCD2566002397E4 /* PBXContainerItemProxy */ = {
			isa = PBXContainerItemProxy;
			containerPortal = 150A11B71DCD2566002397E4 /* Project object */;
			proxyType = 1;
			remoteGlobalIDString = 150A11BE1DCD2566002397E4;
			remoteInfo = "Amaro Test";
		};
/* End PBXContainerItemProxy section */

/* Begin PBXFileReference section */
		150A11BF1DCD2566002397E4 /* Amaro Test.app */ = {isa = PBXFileReference; explicitFileType = wrapper.application; includeInIndex = 0; path = "Amaro Test.app"; sourceTree = BUILT_PRODUCTS_DIR; };
		150A11C21DCD2566002397E4 /* AppDelegate.swift */ = {isa = PBXFileReference; lastKnownFileType = sourcecode.swift; path = AppDelegate.swift; sourceTree = "<group>"; };
		150A11C71DCD2566002397E4 /* Base */ = {isa = PBXFileReference; lastKnownFileType = file.storyboard; name = Base; path = Base.lproj/Main.storyboard; sourceTree = "<group>"; };
		150A11C91DCD2566002397E4 /* Assets.xcassets */ = {isa = PBXFileReference; lastKnownFileType = folder.assetcatalog; path = Assets.xcassets; sourceTree = "<group>"; };
		150A11CC1DCD2566002397E4 /* Base */ = {isa = PBXFileReference; lastKnownFileType = file.storyboard; name = Base; path = Base.lproj/LaunchScreen.storyboard; sourceTree = "<group>"; };
		150A11CE1DCD2566002397E4 /* Info.plist */ = {isa = PBXFileReference; lastKnownFileType = text.plist.xml; path = Info.plist; sourceTree = "<group>"; };
		150A11D31DCD2566002397E4 /* Amaro TestTests.xctest */ = {isa = PBXFileReference; explicitFileType = wrapper.cfbundle; includeInIndex = 0; path = "Amaro TestTests.xctest"; sourceTree = BUILT_PRODUCTS_DIR; };
		150A11D91DCD2566002397E4 /* Info.plist */ = {isa = PBXFileReference; lastKnownFileType = text.plist.xml; path = Info.plist; sourceTree = "<group>"; };
		150A11DE1DCD2566002397E4 /* Amaro TestUITests.xctest */ = {isa = PBXFileReference; explicitFileType = wrapper.cfbundle; includeInIndex = 0; path = "Amaro TestUITests.xctest"; sourceTree = BUILT_PRODUCTS_DIR; };
		150A11E21DCD2566002397E4 /* Amaro_TestUITests.swift */ = {isa = PBXFileReference; lastKnownFileType = sourcecode.swift; path = Amaro_TestUITests.swift; sourceTree = "<group>"; };
		150A11E41DCD2566002397E4 /* Info.plist */ = {isa = PBXFileReference; lastKnownFileType = text.plist.xml; path = Info.plist; sourceTree = "<group>"; };
		150A11F11DCD26AC002397E4 /* products.json */ = {isa = PBXFileReference; fileEncoding = 4; lastKnownFileType = text.json; path = products.json; sourceTree = "<group>"; };
		150A11F41DCD271D002397E4 /* Product.swift */ = {isa = PBXFileReference; fileEncoding = 4; lastKnownFileType = sourcecode.swift; path = Product.swift; sourceTree = "<group>"; };
		150A11F61DCD2935002397E4 /* ProductSize.swift */ = {isa = PBXFileReference; fileEncoding = 4; lastKnownFileType = sourcecode.swift; path = ProductSize.swift; sourceTree = "<group>"; };
		150A11F91DCD29F7002397E4 /* ProductService.swift */ = {isa = PBXFileReference; fileEncoding = 4; lastKnownFileType = sourcecode.swift; path = ProductService.swift; sourceTree = "<group>"; };
		150A11FC1DCD2A4D002397E4 /* Loader.swift */ = {isa = PBXFileReference; fileEncoding = 4; lastKnownFileType = sourcecode.swift; path = Loader.swift; sourceTree = "<group>"; };
		150A11FF1DCD2BAF002397E4 /* ProductDiskModelParser.swift */ = {isa = PBXFileReference; fileEncoding = 4; lastKnownFileType = sourcecode.swift; path = ProductDiskModelParser.swift; sourceTree = "<group>"; };
		150A12021DCD2C04002397E4 /* Parseable.swift */ = {isa = PBXFileReference; fileEncoding = 4; lastKnownFileType = sourcecode.swift; path = Parseable.swift; sourceTree = "<group>"; };
		150A12041DCD2EEB002397E4 /* SizesDiskModelParser.swift */ = {isa = PBXFileReference; fileEncoding = 4; lastKnownFileType = sourcecode.swift; path = SizesDiskModelParser.swift; sourceTree = "<group>"; };
		150A12061DCD3244002397E4 /* Cart.swift */ = {isa = PBXFileReference; fileEncoding = 4; lastKnownFileType = sourcecode.swift; path = Cart.swift; sourceTree = "<group>"; };
		150A120C1DCD367D002397E4 /* ListProduct_Test.swift */ = {isa = PBXFileReference; fileEncoding = 4; lastKnownFileType = sourcecode.swift; path = ListProduct_Test.swift; sourceTree = "<group>"; };
		150A120E1DCD3AC7002397E4 /* CartProduct_Test.swift */ = {isa = PBXFileReference; fileEncoding = 4; lastKnownFileType = sourcecode.swift; path = CartProduct_Test.swift; sourceTree = "<group>"; };
		154E73AB1DCF66DA00DE65B3 /* ProductsViewController.swift */ = {isa = PBXFileReference; fileEncoding = 4; lastKnownFileType = sourcecode.swift; path = ProductsViewController.swift; sourceTree = "<group>"; };
		154E73B01DCF676700DE65B3 /* CartViewController.swift */ = {isa = PBXFileReference; fileEncoding = 4; lastKnownFileType = sourcecode.swift; path = CartViewController.swift; sourceTree = "<group>"; };
		154E73B31DCF6B8C00DE65B3 /* Reusable.swift */ = {isa = PBXFileReference; fileEncoding = 4; lastKnownFileType = sourcecode.swift; path = Reusable.swift; sourceTree = "<group>"; };
		154E73B61DCF6BF800DE65B3 /* UICollectionView_Extension.swift */ = {isa = PBXFileReference; fileEncoding = 4; lastKnownFileType = sourcecode.swift; path = UICollectionView_Extension.swift; sourceTree = "<group>"; };
		154E73B91DCF6DE000DE65B3 /* OnSaleHeaderView.swift */ = {isa = PBXFileReference; fileEncoding = 4; lastKnownFileType = sourcecode.swift; path = OnSaleHeaderView.swift; sourceTree = "<group>"; };
		154E73BB1DCF6E0300DE65B3 /* ProductViewCell.swift */ = {isa = PBXFileReference; fileEncoding = 4; lastKnownFileType = sourcecode.swift; path = ProductViewCell.swift; sourceTree = "<group>"; };
		154E73BF1DCF79AC00DE65B3 /* ConfigurableUI.swift */ = {isa = PBXFileReference; fileEncoding = 4; lastKnownFileType = sourcecode.swift; path = ConfigurableUI.swift; sourceTree = "<group>"; };
		154E73C11DCF79ED00DE65B3 /* UIView_Extension.swift */ = {isa = PBXFileReference; fileEncoding = 4; lastKnownFileType = sourcecode.swift; path = UIView_Extension.swift; sourceTree = "<group>"; };
		154E73C41DCF7BA900DE65B3 /* ProductData.swift */ = {isa = PBXFileReference; fileEncoding = 4; lastKnownFileType = sourcecode.swift; path = ProductData.swift; sourceTree = "<group>"; };
		154E73C71DCF7D7500DE65B3 /* ProductViewModel.swift */ = {isa = PBXFileReference; fileEncoding = 4; lastKnownFileType = sourcecode.swift; path = ProductViewModel.swift; sourceTree = "<group>"; };
		154E73C91DCF7D9C00DE65B3 /* ProductViewProtocol.swift */ = {isa = PBXFileReference; fileEncoding = 4; lastKnownFileType = sourcecode.swift; path = ProductViewProtocol.swift; sourceTree = "<group>"; };
		154E73CB1DCF7FC000DE65B3 /* ControllerDelegate.swift */ = {isa = PBXFileReference; fileEncoding = 4; lastKnownFileType = sourcecode.swift; path = ControllerDelegate.swift; sourceTree = "<group>"; };
		154E73CE1DCF8A9900DE65B3 /* ImageRequest.swift */ = {isa = PBXFileReference; fileEncoding = 4; lastKnownFileType = sourcecode.swift; path = ImageRequest.swift; sourceTree = "<group>"; };
		154E73D11DCF8C8B00DE65B3 /* Response.swift */ = {isa = PBXFileReference; fileEncoding = 4; lastKnownFileType = sourcecode.swift; path = Response.swift; sourceTree = "<group>"; };
		154E73D31DCF8E5D00DE65B3 /* UIImageView_Extension.swift */ = {isa = PBXFileReference; fileEncoding = 4; lastKnownFileType = sourcecode.swift; path = UIImageView_Extension.swift; sourceTree = "<group>"; };
		154E73D51DCF953500DE65B3 /* OnSaleProductViewCell.swift */ = {isa = PBXFileReference; fileEncoding = 4; lastKnownFileType = sourcecode.swift; path = OnSaleProductViewCell.swift; sourceTree = "<group>"; };
		154E73D81DCF960B00DE65B3 /* CollectionViewFlowLayout.swift */ = {isa = PBXFileReference; fileEncoding = 4; lastKnownFileType = sourcecode.swift; path = CollectionViewFlowLayout.swift; sourceTree = "<group>"; };
		154E73DC1DCFF6BD00DE65B3 /* Util.swift */ = {isa = PBXFileReference; fileEncoding = 4; lastKnownFileType = sourcecode.swift; path = Util.swift; sourceTree = "<group>"; };
		154E73E11DD013D200DE65B3 /* DetailViewController.swift */ = {isa = PBXFileReference; fileEncoding = 4; lastKnownFileType = sourcecode.swift; path = DetailViewController.swift; sourceTree = "<group>"; };
		154E73E31DD014DD00DE65B3 /* DetailViewModel.swift */ = {isa = PBXFileReference; fileEncoding = 4; lastKnownFileType = sourcecode.swift; path = DetailViewModel.swift; sourceTree = "<group>"; };
		154E73E61DD0151700DE65B3 /* DetailViewProtocol.swift */ = {isa = PBXFileReference; fileEncoding = 4; lastKnownFileType = sourcecode.swift; path = DetailViewProtocol.swift; sourceTree = "<group>"; };
		154E73E91DD112AF00DE65B3 /* CartViewCell.swift */ = {isa = PBXFileReference; fileEncoding = 4; lastKnownFileType = sourcecode.swift; path = CartViewCell.swift; sourceTree = "<group>"; };
		154E73EB1DD1130600DE65B3 /* UITableView_Extension.swift */ = {isa = PBXFileReference; fileEncoding = 4; lastKnownFileType = sourcecode.swift; path = UITableView_Extension.swift; sourceTree = "<group>"; };
		154E73ED1DD1142700DE65B3 /* CartViewModel.swift */ = {isa = PBXFileReference; fileEncoding = 4; lastKnownFileType = sourcecode.swift; path = CartViewModel.swift; sourceTree = "<group>"; };
		154E73F01DD1145B00DE65B3 /* CartViewProtocol.swift */ = {isa = PBXFileReference; fileEncoding = 4; lastKnownFileType = sourcecode.swift; path = CartViewProtocol.swift; sourceTree = "<group>"; };
		154E73F21DD1148E00DE65B3 /* CartData.swift */ = {isa = PBXFileReference; fileEncoding = 4; lastKnownFileType = sourcecode.swift; path = CartData.swift; sourceTree = "<group>"; };
		154E73F41DD129E000DE65B3 /* BUIStepper.swift */ = {isa = PBXFileReference; fileEncoding = 4; lastKnownFileType = sourcecode.swift; path = BUIStepper.swift; sourceTree = "<group>"; };
		154E73F61DD13A0200DE65B3 /* CartSectionView.swift */ = {isa = PBXFileReference; fileEncoding = 4; lastKnownFileType = sourcecode.swift; path = CartSectionView.swift; sourceTree = "<group>"; };
		154E73F81DD13A1500DE65B3 /* CartSectionView.xib */ = {isa = PBXFileReference; fileEncoding = 4; lastKnownFileType = file.xib; name = CartSectionView.xib; path = ../CartSectionView.xib; sourceTree = "<group>"; };
		15CF71DC1DD1FDF90044A6DF /* TabViewController.swift */ = {isa = PBXFileReference; fileEncoding = 4; lastKnownFileType = sourcecode.swift; path = TabViewController.swift; sourceTree = "<group>"; };
		15CF71DE1DD22CF80044A6DF /* OnSaleHeaderViewDelegate.swift */ = {isa = PBXFileReference; fileEncoding = 4; lastKnownFileType = sourcecode.swift; path = OnSaleHeaderViewDelegate.swift; sourceTree = "<group>"; };
		15CF71E01DD232550044A6DF /* pt-BR */ = {isa = PBXFileReference; lastKnownFileType = text.plist.strings; name = "pt-BR"; path = "pt-BR.lproj/Main.strings"; sourceTree = "<group>"; };
		15CF71E61DD236CF0044A6DF /* Base */ = {isa = PBXFileReference; lastKnownFileType = text.plist.strings; name = Base; path = Base.lproj/Localizable.strings; sourceTree = "<group>"; };
		15CF71E81DD236D30044A6DF /* pt-BR */ = {isa = PBXFileReference; lastKnownFileType = text.plist.strings; name = "pt-BR"; path = "pt-BR.lproj/Localizable.strings"; sourceTree = "<group>"; };
/* End PBXFileReference section */

/* Begin PBXFrameworksBuildPhase section */
		150A11BC1DCD2566002397E4 /* Frameworks */ = {
			isa = PBXFrameworksBuildPhase;
			buildActionMask = 2147483647;
			files = (
			);
			runOnlyForDeploymentPostprocessing = 0;
		};
		150A11D01DCD2566002397E4 /* Frameworks */ = {
			isa = PBXFrameworksBuildPhase;
			buildActionMask = 2147483647;
			files = (
			);
			runOnlyForDeploymentPostprocessing = 0;
		};
		150A11DB1DCD2566002397E4 /* Frameworks */ = {
			isa = PBXFrameworksBuildPhase;
			buildActionMask = 2147483647;
			files = (
			);
			runOnlyForDeploymentPostprocessing = 0;
		};
/* End PBXFrameworksBuildPhase section */

/* Begin PBXGroup section */
		150A11B61DCD2566002397E4 = {
			isa = PBXGroup;
			children = (
				150A11C11DCD2566002397E4 /* Amaro Test */,
				150A11D61DCD2566002397E4 /* Amaro TestTests */,
				150A11E11DCD2566002397E4 /* Amaro TestUITests */,
				150A11C01DCD2566002397E4 /* Products */,
			);
			sourceTree = "<group>";
		};
		150A11C01DCD2566002397E4 /* Products */ = {
			isa = PBXGroup;
			children = (
				150A11BF1DCD2566002397E4 /* Amaro Test.app */,
				150A11D31DCD2566002397E4 /* Amaro TestTests.xctest */,
				150A11DE1DCD2566002397E4 /* Amaro TestUITests.xctest */,
			);
			name = Products;
			sourceTree = "<group>";
		};
		150A11C11DCD2566002397E4 /* Amaro Test */ = {
			isa = PBXGroup;
			children = (
				150A11C21DCD2566002397E4 /* AppDelegate.swift */,
				150A11F81DCD29A8002397E4 /* Application */,
				150A11F31DCD26F7002397E4 /* Model */,
				154E73A61DCF663200DE65B3 /* Feature */,
				154E73B21DCF6B5400DE65B3 /* Helper */,
				150A11F01DCD2621002397E4 /* Resources */,
				15CF71E11DD233300044A6DF /* Support files */,
			);
			path = "Amaro Test";
			sourceTree = "<group>";
		};
		150A11D61DCD2566002397E4 /* Amaro TestTests */ = {
			isa = PBXGroup;
			children = (
				150A120C1DCD367D002397E4 /* ListProduct_Test.swift */,
				150A120E1DCD3AC7002397E4 /* CartProduct_Test.swift */,
				150A11D91DCD2566002397E4 /* Info.plist */,
			);
			path = "Amaro TestTests";
			sourceTree = "<group>";
		};
		150A11E11DCD2566002397E4 /* Amaro TestUITests */ = {
			isa = PBXGroup;
			children = (
				150A11E21DCD2566002397E4 /* Amaro_TestUITests.swift */,
				150A11E41DCD2566002397E4 /* Info.plist */,
			);
			path = "Amaro TestUITests";
			sourceTree = "<group>";
		};
		150A11F01DCD2621002397E4 /* Resources */ = {
			isa = PBXGroup;
			children = (
				150A11C61DCD2566002397E4 /* Main.storyboard */,
				154E73F81DD13A1500DE65B3 /* CartSectionView.xib */,
				150A11CB1DCD2566002397E4 /* LaunchScreen.storyboard */,
				150A11F11DCD26AC002397E4 /* products.json */,
			);
			path = Resources;
			sourceTree = "<group>";
		};
		150A11F31DCD26F7002397E4 /* Model */ = {
			isa = PBXGroup;
			children = (
				150A11F41DCD271D002397E4 /* Product.swift */,
				150A11F61DCD2935002397E4 /* ProductSize.swift */,
				150A12061DCD3244002397E4 /* Cart.swift */,
			);
			path = Model;
			sourceTree = "<group>";
		};
		150A11F81DCD29A8002397E4 /* Application */ = {
			isa = PBXGroup;
			children = (
				154E73CD1DCF8A7C00DE65B3 /* Network */,
				150A12011DCD2BF0002397E4 /* Protocol */,
				150A11FE1DCD2B93002397E4 /* Parse */,
				150A11FB1DCD2A39002397E4 /* Helper */,
				150A11F91DCD29F7002397E4 /* ProductService.swift */,
			);
			path = Application;
			sourceTree = "<group>";
		};
		150A11FB1DCD2A39002397E4 /* Helper */ = {
			isa = PBXGroup;
			children = (
				150A11FC1DCD2A4D002397E4 /* Loader.swift */,
			);
			path = Helper;
			sourceTree = "<group>";
		};
		150A11FE1DCD2B93002397E4 /* Parse */ = {
			isa = PBXGroup;
			children = (
				150A11FF1DCD2BAF002397E4 /* ProductDiskModelParser.swift */,
				150A12041DCD2EEB002397E4 /* SizesDiskModelParser.swift */,
			);
			path = Parse;
			sourceTree = "<group>";
		};
		150A12011DCD2BF0002397E4 /* Protocol */ = {
			isa = PBXGroup;
			children = (
				150A12021DCD2C04002397E4 /* Parseable.swift */,
				154E73B31DCF6B8C00DE65B3 /* Reusable.swift */,
			);
			path = Protocol;
			sourceTree = "<group>";
		};
		154E73A61DCF663200DE65B3 /* Feature */ = {
			isa = PBXGroup;
			children = (
				154E73BD1DCF796600DE65B3 /* Base */,
				154E73AD1DCF66FE00DE65B3 /* Cart */,
				154E73A71DCF665A00DE65B3 /* Product */,
				154E73DE1DD0134E00DE65B3 /* Detail */,
			);
			path = Feature;
			sourceTree = "<group>";
		};
		154E73A71DCF665A00DE65B3 /* Product */ = {
			isa = PBXGroup;
			children = (
				154E73A91DCF666E00DE65B3 /* View */,
				154E73A81DCF666400DE65B3 /* Controller */,
			);
			path = Product;
			sourceTree = "<group>";
		};
		154E73A81DCF666400DE65B3 /* Controller */ = {
			isa = PBXGroup;
			children = (
				154E73B81DCF6D8300DE65B3 /* Cell */,
				154E73AB1DCF66DA00DE65B3 /* ProductsViewController.swift */,
			);
			path = Controller;
			sourceTree = "<group>";
		};
		154E73A91DCF666E00DE65B3 /* View */ = {
			isa = PBXGroup;
			children = (
				154E73C61DCF7D5600DE65B3 /* Protocol */,
				154E73C71DCF7D7500DE65B3 /* ProductViewModel.swift */,
			);
			path = View;
			sourceTree = "<group>";
		};
		154E73AD1DCF66FE00DE65B3 /* Cart */ = {
			isa = PBXGroup;
			children = (
				154E73AF1DCF670A00DE65B3 /* View */,
				154E73AE1DCF670400DE65B3 /* Controller */,
			);
			path = Cart;
			sourceTree = "<group>";
		};
		154E73AE1DCF670400DE65B3 /* Controller */ = {
			isa = PBXGroup;
			children = (
				154E73E81DD1120800DE65B3 /* Cell */,
				154E73B01DCF676700DE65B3 /* CartViewController.swift */,
			);
			path = Controller;
			sourceTree = "<group>";
		};
		154E73AF1DCF670A00DE65B3 /* View */ = {
			isa = PBXGroup;
			children = (
				154E73EF1DD1143800DE65B3 /* Protocol */,
				154E73ED1DD1142700DE65B3 /* CartViewModel.swift */,
			);
			path = View;
			sourceTree = "<group>";
		};
		154E73B21DCF6B5400DE65B3 /* Helper */ = {
			isa = PBXGroup;
			children = (
				154E73DC1DCFF6BD00DE65B3 /* Util.swift */,
				154E73D71DCF95F100DE65B3 /* UI */,
				154E73B51DCF6BC500DE65B3 /* Extension */,
			);
			path = Helper;
			sourceTree = "<group>";
		};
		154E73B51DCF6BC500DE65B3 /* Extension */ = {
			isa = PBXGroup;
			children = (
				154E73B61DCF6BF800DE65B3 /* UICollectionView_Extension.swift */,
				154E73EB1DD1130600DE65B3 /* UITableView_Extension.swift */,
				154E73C11DCF79ED00DE65B3 /* UIView_Extension.swift */,
				154E73D31DCF8E5D00DE65B3 /* UIImageView_Extension.swift */,
			);
			path = Extension;
			sourceTree = "<group>";
		};
		154E73B81DCF6D8300DE65B3 /* Cell */ = {
			isa = PBXGroup;
			children = (
				154E73B91DCF6DE000DE65B3 /* OnSaleHeaderView.swift */,
				154E73BB1DCF6E0300DE65B3 /* ProductViewCell.swift */,
				154E73D51DCF953500DE65B3 /* OnSaleProductViewCell.swift */,
			);
			path = Cell;
			sourceTree = "<group>";
		};
		154E73BD1DCF796600DE65B3 /* Base */ = {
			isa = PBXGroup;
			children = (
				154E73C31DCF7B7600DE65B3 /* Model */,
				154E73BE1DCF797F00DE65B3 /* Protocol */,
				15CF71DB1DD1FD970044A6DF /* Controller */,
			);
			path = Base;
			sourceTree = "<group>";
		};
		154E73BE1DCF797F00DE65B3 /* Protocol */ = {
			isa = PBXGroup;
			children = (
				154E73BF1DCF79AC00DE65B3 /* ConfigurableUI.swift */,
				154E73CB1DCF7FC000DE65B3 /* ControllerDelegate.swift */,
			);
			path = Protocol;
			sourceTree = "<group>";
		};
		154E73C31DCF7B7600DE65B3 /* Model */ = {
			isa = PBXGroup;
			children = (
				154E73C41DCF7BA900DE65B3 /* ProductData.swift */,
				154E73F21DD1148E00DE65B3 /* CartData.swift */,
			);
			path = Model;
			sourceTree = "<group>";
		};
		154E73C61DCF7D5600DE65B3 /* Protocol */ = {
			isa = PBXGroup;
			children = (
				154E73C91DCF7D9C00DE65B3 /* ProductViewProtocol.swift */,
				15CF71DE1DD22CF80044A6DF /* OnSaleHeaderViewDelegate.swift */,
			);
			path = Protocol;
			sourceTree = "<group>";
		};
		154E73CD1DCF8A7C00DE65B3 /* Network */ = {
			isa = PBXGroup;
			children = (
				154E73CE1DCF8A9900DE65B3 /* ImageRequest.swift */,
				154E73D11DCF8C8B00DE65B3 /* Response.swift */,
			);
			path = Network;
			sourceTree = "<group>";
		};
		154E73D71DCF95F100DE65B3 /* UI */ = {
			isa = PBXGroup;
			children = (
				154E73D81DCF960B00DE65B3 /* CollectionViewFlowLayout.swift */,
				154E73F41DD129E000DE65B3 /* BUIStepper.swift */,
			);
			path = UI;
			sourceTree = "<group>";
		};
		154E73DE1DD0134E00DE65B3 /* Detail */ = {
			isa = PBXGroup;
			children = (
				154E73E01DD0135F00DE65B3 /* View */,
				154E73DF1DD0135900DE65B3 /* Controller */,
			);
			path = Detail;
			sourceTree = "<group>";
		};
		154E73DF1DD0135900DE65B3 /* Controller */ = {
			isa = PBXGroup;
			children = (
				154E73E11DD013D200DE65B3 /* DetailViewController.swift */,
			);
			path = Controller;
			sourceTree = "<group>";
		};
		154E73E01DD0135F00DE65B3 /* View */ = {
			isa = PBXGroup;
			children = (
				154E73E51DD014E100DE65B3 /* Protocol */,
				154E73E31DD014DD00DE65B3 /* DetailViewModel.swift */,
			);
			path = View;
			sourceTree = "<group>";
		};
		154E73E51DD014E100DE65B3 /* Protocol */ = {
			isa = PBXGroup;
			children = (
				154E73E61DD0151700DE65B3 /* DetailViewProtocol.swift */,
			);
			path = Protocol;
			sourceTree = "<group>";
		};
		154E73E81DD1120800DE65B3 /* Cell */ = {
			isa = PBXGroup;
			children = (
				154E73E91DD112AF00DE65B3 /* CartViewCell.swift */,
				154E73F61DD13A0200DE65B3 /* CartSectionView.swift */,
			);
			path = Cell;
			sourceTree = "<group>";
		};
		154E73EF1DD1143800DE65B3 /* Protocol */ = {
			isa = PBXGroup;
			children = (
				154E73F01DD1145B00DE65B3 /* CartViewProtocol.swift */,
			);
			path = Protocol;
			sourceTree = "<group>";
		};
		15CF71DB1DD1FD970044A6DF /* Controller */ = {
			isa = PBXGroup;
			children = (
				15CF71DC1DD1FDF90044A6DF /* TabViewController.swift */,
			);
			path = Controller;
			sourceTree = "<group>";
		};
		15CF71E11DD233300044A6DF /* Support files */ = {
			isa = PBXGroup;
			children = (
				15CF71E21DD233B20044A6DF /* Localize */,
				150A11CE1DCD2566002397E4 /* Info.plist */,
				150A11C91DCD2566002397E4 /* Assets.xcassets */,
			);
			path = "Support files";
			sourceTree = "<group>";
		};
		15CF71E21DD233B20044A6DF /* Localize */ = {
			isa = PBXGroup;
			children = (
				15CF71E71DD236CF0044A6DF /* Localizable.strings */,
			);
			path = Localize;
			sourceTree = "<group>";
		};
/* End PBXGroup section */

/* Begin PBXNativeTarget section */
		150A11BE1DCD2566002397E4 /* Amaro Test */ = {
			isa = PBXNativeTarget;
			buildConfigurationList = 150A11E71DCD2566002397E4 /* Build configuration list for PBXNativeTarget "Amaro Test" */;
			buildPhases = (
				150A11BB1DCD2566002397E4 /* Sources */,
				150A11BC1DCD2566002397E4 /* Frameworks */,
				150A11BD1DCD2566002397E4 /* Resources */,
			);
			buildRules = (
			);
			dependencies = (
			);
			name = "Amaro Test";
			productName = "Amaro Test";
			productReference = 150A11BF1DCD2566002397E4 /* Amaro Test.app */;
			productType = "com.apple.product-type.application";
		};
		150A11D21DCD2566002397E4 /* Amaro TestTests */ = {
			isa = PBXNativeTarget;
			buildConfigurationList = 150A11EA1DCD2566002397E4 /* Build configuration list for PBXNativeTarget "Amaro TestTests" */;
			buildPhases = (
				150A11CF1DCD2566002397E4 /* Sources */,
				150A11D01DCD2566002397E4 /* Frameworks */,
				150A11D11DCD2566002397E4 /* Resources */,
			);
			buildRules = (
			);
			dependencies = (
				150A11D51DCD2566002397E4 /* PBXTargetDependency */,
			);
			name = "Amaro TestTests";
			productName = "Amaro TestTests";
			productReference = 150A11D31DCD2566002397E4 /* Amaro TestTests.xctest */;
			productType = "com.apple.product-type.bundle.unit-test";
		};
		150A11DD1DCD2566002397E4 /* Amaro TestUITests */ = {
			isa = PBXNativeTarget;
			buildConfigurationList = 150A11ED1DCD2566002397E4 /* Build configuration list for PBXNativeTarget "Amaro TestUITests" */;
			buildPhases = (
				150A11DA1DCD2566002397E4 /* Sources */,
				150A11DB1DCD2566002397E4 /* Frameworks */,
				150A11DC1DCD2566002397E4 /* Resources */,
			);
			buildRules = (
			);
			dependencies = (
				150A11E01DCD2566002397E4 /* PBXTargetDependency */,
			);
			name = "Amaro TestUITests";
			productName = "Amaro TestUITests";
			productReference = 150A11DE1DCD2566002397E4 /* Amaro TestUITests.xctest */;
			productType = "com.apple.product-type.bundle.ui-testing";
		};
/* End PBXNativeTarget section */

/* Begin PBXProject section */
		150A11B71DCD2566002397E4 /* Project object */ = {
			isa = PBXProject;
			attributes = {
				LastSwiftUpdateCheck = 0810;
				LastUpgradeCheck = 0810;
				ORGANIZATIONNAME = "Bruno Fernandes";
				TargetAttributes = {
					150A11BE1DCD2566002397E4 = {
						CreatedOnToolsVersion = 8.1;
						DevelopmentTeam = K4RBK36U2H;
						ProvisioningStyle = Automatic;
					};
					150A11D21DCD2566002397E4 = {
						CreatedOnToolsVersion = 8.1;
						DevelopmentTeam = K4RBK36U2H;
						ProvisioningStyle = Automatic;
						TestTargetID = 150A11BE1DCD2566002397E4;
					};
					150A11DD1DCD2566002397E4 = {
						CreatedOnToolsVersion = 8.1;
						DevelopmentTeam = K4RBK36U2H;
						ProvisioningStyle = Automatic;
						TestTargetID = 150A11BE1DCD2566002397E4;
					};
				};
			};
			buildConfigurationList = 150A11BA1DCD2566002397E4 /* Build configuration list for PBXProject "Amaro Test" */;
			compatibilityVersion = "Xcode 3.2";
			developmentRegion = English;
			hasScannedForEncodings = 0;
			knownRegions = (
				en,
				Base,
				"pt-BR",
			);
			mainGroup = 150A11B61DCD2566002397E4;
			productRefGroup = 150A11C01DCD2566002397E4 /* Products */;
			projectDirPath = "";
			projectRoot = "";
			targets = (
				150A11BE1DCD2566002397E4 /* Amaro Test */,
				150A11D21DCD2566002397E4 /* Amaro TestTests */,
				150A11DD1DCD2566002397E4 /* Amaro TestUITests */,
			);
		};
/* End PBXProject section */

/* Begin PBXResourcesBuildPhase section */
		150A11BD1DCD2566002397E4 /* Resources */ = {
			isa = PBXResourcesBuildPhase;
			buildActionMask = 2147483647;
			files = (
				154E73F91DD13A1500DE65B3 /* CartSectionView.xib in Resources */,
				15CF71E51DD236CF0044A6DF /* Localizable.strings in Resources */,
				150A11CD1DCD2566002397E4 /* LaunchScreen.storyboard in Resources */,
				150A11F21DCD26AC002397E4 /* products.json in Resources */,
				150A11CA1DCD2566002397E4 /* Assets.xcassets in Resources */,
				150A11C81DCD2566002397E4 /* Main.storyboard in Resources */,
			);
			runOnlyForDeploymentPostprocessing = 0;
		};
		150A11D11DCD2566002397E4 /* Resources */ = {
			isa = PBXResourcesBuildPhase;
			buildActionMask = 2147483647;
			files = (
			);
			runOnlyForDeploymentPostprocessing = 0;
		};
		150A11DC1DCD2566002397E4 /* Resources */ = {
			isa = PBXResourcesBuildPhase;
			buildActionMask = 2147483647;
			files = (
			);
			runOnlyForDeploymentPostprocessing = 0;
		};
/* End PBXResourcesBuildPhase section */

/* Begin PBXSourcesBuildPhase section */
		150A11BB1DCD2566002397E4 /* Sources */ = {
			isa = PBXSourcesBuildPhase;
			buildActionMask = 2147483647;
			files = (
				154E73B41DCF6B8C00DE65B3 /* Reusable.swift in Sources */,
				154E73CF1DCF8A9900DE65B3 /* ImageRequest.swift in Sources */,
				154E73E41DD014DD00DE65B3 /* DetailViewModel.swift in Sources */,
				154E73CC1DCF7FC000DE65B3 /* ControllerDelegate.swift in Sources */,
				154E73F11DD1145B00DE65B3 /* CartViewProtocol.swift in Sources */,
				150A12051DCD2EEB002397E4 /* SizesDiskModelParser.swift in Sources */,
				154E73BA1DCF6DE000DE65B3 /* OnSaleHeaderView.swift in Sources */,
				150A11F71DCD2935002397E4 /* ProductSize.swift in Sources */,
				15CF71DF1DD22CF80044A6DF /* OnSaleHeaderViewDelegate.swift in Sources */,
				150A12031DCD2C04002397E4 /* Parseable.swift in Sources */,
				154E73C81DCF7D7500DE65B3 /* ProductViewModel.swift in Sources */,
				154E73CA1DCF7D9C00DE65B3 /* ProductViewProtocol.swift in Sources */,
				154E73F31DD1148E00DE65B3 /* CartData.swift in Sources */,
				150A11FD1DCD2A4D002397E4 /* Loader.swift in Sources */,
				154E73DD1DCFF6BD00DE65B3 /* Util.swift in Sources */,
				154E73AC1DCF66DA00DE65B3 /* ProductsViewController.swift in Sources */,
				150A12001DCD2BAF002397E4 /* ProductDiskModelParser.swift in Sources */,
				154E73BC1DCF6E0300DE65B3 /* ProductViewCell.swift in Sources */,
				150A11C31DCD2566002397E4 /* AppDelegate.swift in Sources */,
				15CF71DD1DD1FDF90044A6DF /* TabViewController.swift in Sources */,
				154E73F51DD129E000DE65B3 /* BUIStepper.swift in Sources */,
				154E73B11DCF676700DE65B3 /* CartViewController.swift in Sources */,
				154E73C51DCF7BA900DE65B3 /* ProductData.swift in Sources */,
				154E73F71DD13A0200DE65B3 /* CartSectionView.swift in Sources */,
				150A12071DCD3244002397E4 /* Cart.swift in Sources */,
				154E73EC1DD1130600DE65B3 /* UITableView_Extension.swift in Sources */,
				154E73E71DD0151700DE65B3 /* DetailViewProtocol.swift in Sources */,
				154E73EE1DD1142700DE65B3 /* CartViewModel.swift in Sources */,
				154E73B71DCF6BF800DE65B3 /* UICollectionView_Extension.swift in Sources */,
				150A11F51DCD271D002397E4 /* Product.swift in Sources */,
				154E73C01DCF79AC00DE65B3 /* ConfigurableUI.swift in Sources */,
				154E73D21DCF8C8B00DE65B3 /* Response.swift in Sources */,
				154E73EA1DD112AF00DE65B3 /* CartViewCell.swift in Sources */,
				150A11FA1DCD29F7002397E4 /* ProductService.swift in Sources */,
				154E73D61DCF953500DE65B3 /* OnSaleProductViewCell.swift in Sources */,
				154E73D41DCF8E5D00DE65B3 /* UIImageView_Extension.swift in Sources */,
				154E73D91DCF960B00DE65B3 /* CollectionViewFlowLayout.swift in Sources */,
				154E73C21DCF79ED00DE65B3 /* UIView_Extension.swift in Sources */,
				154E73E21DD013D200DE65B3 /* DetailViewController.swift in Sources */,
			);
			runOnlyForDeploymentPostprocessing = 0;
		};
		150A11CF1DCD2566002397E4 /* Sources */ = {
			isa = PBXSourcesBuildPhase;
			buildActionMask = 2147483647;
			files = (
				150A120F1DCD3AC7002397E4 /* CartProduct_Test.swift in Sources */,
				150A120D1DCD367D002397E4 /* ListProduct_Test.swift in Sources */,
			);
			runOnlyForDeploymentPostprocessing = 0;
		};
		150A11DA1DCD2566002397E4 /* Sources */ = {
			isa = PBXSourcesBuildPhase;
			buildActionMask = 2147483647;
			files = (
				150A11E31DCD2566002397E4 /* Amaro_TestUITests.swift in Sources */,
			);
			runOnlyForDeploymentPostprocessing = 0;
		};
/* End PBXSourcesBuildPhase section */

/* Begin PBXTargetDependency section */
		150A11D51DCD2566002397E4 /* PBXTargetDependency */ = {
			isa = PBXTargetDependency;
			target = 150A11BE1DCD2566002397E4 /* Amaro Test */;
			targetProxy = 150A11D41DCD2566002397E4 /* PBXContainerItemProxy */;
		};
		150A11E01DCD2566002397E4 /* PBXTargetDependency */ = {
			isa = PBXTargetDependency;
			target = 150A11BE1DCD2566002397E4 /* Amaro Test */;
			targetProxy = 150A11DF1DCD2566002397E4 /* PBXContainerItemProxy */;
		};
/* End PBXTargetDependency section */

/* Begin PBXVariantGroup section */
		150A11C61DCD2566002397E4 /* Main.storyboard */ = {
			isa = PBXVariantGroup;
			children = (
				150A11C71DCD2566002397E4 /* Base */,
				15CF71E01DD232550044A6DF /* pt-BR */,
			);
			name = Main.storyboard;
			path = ..;
			sourceTree = "<group>";
		};
		150A11CB1DCD2566002397E4 /* LaunchScreen.storyboard */ = {
			isa = PBXVariantGroup;
			children = (
				150A11CC1DCD2566002397E4 /* Base */,
			);
			name = LaunchScreen.storyboard;
			path = ..;
			sourceTree = "<group>";
		};
		15CF71E71DD236CF0044A6DF /* Localizable.strings */ = {
			isa = PBXVariantGroup;
			children = (
				15CF71E61DD236CF0044A6DF /* Base */,
				15CF71E81DD236D30044A6DF /* pt-BR */,
			);
			name = Localizable.strings;
			sourceTree = "<group>";
		};
/* End PBXVariantGroup section */

/* Begin XCBuildConfiguration section */
		150A11E51DCD2566002397E4 /* Debug */ = {
			isa = XCBuildConfiguration;
			buildSettings = {
				ALWAYS_SEARCH_USER_PATHS = NO;
				CLANG_ANALYZER_LOCALIZABILITY_NONLOCALIZED = YES;
				CLANG_ANALYZER_NONNULL = YES;
				CLANG_CXX_LANGUAGE_STANDARD = "gnu++0x";
				CLANG_CXX_LIBRARY = "libc++";
				CLANG_ENABLE_MODULES = YES;
				CLANG_ENABLE_OBJC_ARC = YES;
				CLANG_WARN_BOOL_CONVERSION = YES;
				CLANG_WARN_CONSTANT_CONVERSION = YES;
				CLANG_WARN_DIRECT_OBJC_ISA_USAGE = YES_ERROR;
				CLANG_WARN_DOCUMENTATION_COMMENTS = YES;
				CLANG_WARN_EMPTY_BODY = YES;
				CLANG_WARN_ENUM_CONVERSION = YES;
				CLANG_WARN_INFINITE_RECURSION = YES;
				CLANG_WARN_INT_CONVERSION = YES;
				CLANG_WARN_OBJC_ROOT_CLASS = YES_ERROR;
				CLANG_WARN_SUSPICIOUS_MOVES = YES;
				CLANG_WARN_UNREACHABLE_CODE = YES;
				CLANG_WARN__DUPLICATE_METHOD_MATCH = YES;
				"CODE_SIGN_IDENTITY[sdk=iphoneos*]" = "iPhone Developer";
				COPY_PHASE_STRIP = NO;
				DEBUG_INFORMATION_FORMAT = dwarf;
				ENABLE_STRICT_OBJC_MSGSEND = YES;
				ENABLE_TESTABILITY = YES;
				GCC_C_LANGUAGE_STANDARD = gnu99;
				GCC_DYNAMIC_NO_PIC = NO;
				GCC_NO_COMMON_BLOCKS = YES;
				GCC_OPTIMIZATION_LEVEL = 0;
				GCC_PREPROCESSOR_DEFINITIONS = (
					"DEBUG=1",
					"$(inherited)",
				);
				GCC_WARN_64_TO_32_BIT_CONVERSION = YES;
				GCC_WARN_ABOUT_RETURN_TYPE = YES_ERROR;
				GCC_WARN_UNDECLARED_SELECTOR = YES;
				GCC_WARN_UNINITIALIZED_AUTOS = YES_AGGRESSIVE;
				GCC_WARN_UNUSED_FUNCTION = YES;
				GCC_WARN_UNUSED_VARIABLE = YES;
				IPHONEOS_DEPLOYMENT_TARGET = 10.1;
				MTL_ENABLE_DEBUG_INFO = YES;
				ONLY_ACTIVE_ARCH = YES;
				SDKROOT = iphoneos;
				SWIFT_ACTIVE_COMPILATION_CONDITIONS = DEBUG;
				SWIFT_OPTIMIZATION_LEVEL = "-Onone";
			};
			name = Debug;
		};
		150A11E61DCD2566002397E4 /* Release */ = {
			isa = XCBuildConfiguration;
			buildSettings = {
				ALWAYS_SEARCH_USER_PATHS = NO;
				CLANG_ANALYZER_LOCALIZABILITY_NONLOCALIZED = YES;
				CLANG_ANALYZER_NONNULL = YES;
				CLANG_CXX_LANGUAGE_STANDARD = "gnu++0x";
				CLANG_CXX_LIBRARY = "libc++";
				CLANG_ENABLE_MODULES = YES;
				CLANG_ENABLE_OBJC_ARC = YES;
				CLANG_WARN_BOOL_CONVERSION = YES;
				CLANG_WARN_CONSTANT_CONVERSION = YES;
				CLANG_WARN_DIRECT_OBJC_ISA_USAGE = YES_ERROR;
				CLANG_WARN_DOCUMENTATION_COMMENTS = YES;
				CLANG_WARN_EMPTY_BODY = YES;
				CLANG_WARN_ENUM_CONVERSION = YES;
				CLANG_WARN_INFINITE_RECURSION = YES;
				CLANG_WARN_INT_CONVERSION = YES;
				CLANG_WARN_OBJC_ROOT_CLASS = YES_ERROR;
				CLANG_WARN_SUSPICIOUS_MOVES = YES;
				CLANG_WARN_UNREACHABLE_CODE = YES;
				CLANG_WARN__DUPLICATE_METHOD_MATCH = YES;
				"CODE_SIGN_IDENTITY[sdk=iphoneos*]" = "iPhone Developer";
				COPY_PHASE_STRIP = NO;
				DEBUG_INFORMATION_FORMAT = "dwarf-with-dsym";
				ENABLE_NS_ASSERTIONS = NO;
				ENABLE_STRICT_OBJC_MSGSEND = YES;
				GCC_C_LANGUAGE_STANDARD = gnu99;
				GCC_NO_COMMON_BLOCKS = YES;
				GCC_WARN_64_TO_32_BIT_CONVERSION = YES;
				GCC_WARN_ABOUT_RETURN_TYPE = YES_ERROR;
				GCC_WARN_UNDECLARED_SELECTOR = YES;
				GCC_WARN_UNINITIALIZED_AUTOS = YES_AGGRESSIVE;
				GCC_WARN_UNUSED_FUNCTION = YES;
				GCC_WARN_UNUSED_VARIABLE = YES;
				IPHONEOS_DEPLOYMENT_TARGET = 10.1;
				MTL_ENABLE_DEBUG_INFO = NO;
				SDKROOT = iphoneos;
				SWIFT_OPTIMIZATION_LEVEL = "-Owholemodule";
				VALIDATE_PRODUCT = YES;
			};
			name = Release;
		};
		150A11E81DCD2566002397E4 /* Debug */ = {
			isa = XCBuildConfiguration;
			buildSettings = {
				ASSETCATALOG_COMPILER_APPICON_NAME = AppIcon;
				DEVELOPMENT_TEAM = K4RBK36U2H;
				INFOPLIST_FILE = "Amaro Test/Support files/Info.plist";
				LD_RUNPATH_SEARCH_PATHS = "$(inherited) @executable_path/Frameworks";
				PRODUCT_BUNDLE_IDENTIFIER = "com.amaro-test.Amaro-Test";
				PRODUCT_NAME = "$(TARGET_NAME)";
				SWIFT_VERSION = 3.0;
			};
			name = Debug;
		};
		150A11E91DCD2566002397E4 /* Release */ = {
			isa = XCBuildConfiguration;
			buildSettings = {
				ASSETCATALOG_COMPILER_APPICON_NAME = AppIcon;
				DEVELOPMENT_TEAM = K4RBK36U2H;
				INFOPLIST_FILE = "Amaro Test/Support files/Info.plist";
				LD_RUNPATH_SEARCH_PATHS = "$(inherited) @executable_path/Frameworks";
				PRODUCT_BUNDLE_IDENTIFIER = "com.amaro-test.Amaro-Test";
				PRODUCT_NAME = "$(TARGET_NAME)";
				SWIFT_VERSION = 3.0;
			};
			name = Release;
		};
		150A11EB1DCD2566002397E4 /* Debug */ = {
			isa = XCBuildConfiguration;
			buildSettings = {
				ALWAYS_EMBED_SWIFT_STANDARD_LIBRARIES = YES;
				BUNDLE_LOADER = "$(TEST_HOST)";
				DEVELOPMENT_TEAM = K4RBK36U2H;
				INFOPLIST_FILE = "Amaro TestTests/Info.plist";
				LD_RUNPATH_SEARCH_PATHS = "$(inherited) @executable_path/Frameworks @loader_path/Frameworks";
				PRODUCT_BUNDLE_IDENTIFIER = "com.amaro-test.Amaro-TestTests";
				PRODUCT_NAME = "$(TARGET_NAME)";
				SWIFT_VERSION = 3.0;
				TEST_HOST = "$(BUILT_PRODUCTS_DIR)/Amaro Test.app/Amaro Test";
			};
			name = Debug;
		};
		150A11EC1DCD2566002397E4 /* Release */ = {
			isa = XCBuildConfiguration;
			buildSettings = {
				ALWAYS_EMBED_SWIFT_STANDARD_LIBRARIES = YES;
				BUNDLE_LOADER = "$(TEST_HOST)";
				DEVELOPMENT_TEAM = K4RBK36U2H;
				INFOPLIST_FILE = "Amaro TestTests/Info.plist";
				LD_RUNPATH_SEARCH_PATHS = "$(inherited) @executable_path/Frameworks @loader_path/Frameworks";
				PRODUCT_BUNDLE_IDENTIFIER = "com.amaro-test.Amaro-TestTests";
				PRODUCT_NAME = "$(TARGET_NAME)";
				SWIFT_VERSION = 3.0;
				TEST_HOST = "$(BUILT_PRODUCTS_DIR)/Amaro Test.app/Amaro Test";
			};
			name = Release;
		};
		150A11EE1DCD2566002397E4 /* Debug */ = {
			isa = XCBuildConfiguration;
			buildSettings = {
				ALWAYS_EMBED_SWIFT_STANDARD_LIBRARIES = YES;
				DEVELOPMENT_TEAM = K4RBK36U2H;
				INFOPLIST_FILE = "Amaro TestUITests/Info.plist";
				LD_RUNPATH_SEARCH_PATHS = "$(inherited) @executable_path/Frameworks @loader_path/Frameworks";
				PRODUCT_BUNDLE_IDENTIFIER = "com.amaro-test.Amaro-TestUITests";
				PRODUCT_NAME = "$(TARGET_NAME)";
				SWIFT_VERSION = 3.0;
				TEST_TARGET_NAME = "Amaro Test";
			};
			name = Debug;
		};
		150A11EF1DCD2566002397E4 /* Release */ = {
			isa = XCBuildConfiguration;
			buildSettings = {
				ALWAYS_EMBED_SWIFT_STANDARD_LIBRARIES = YES;
				DEVELOPMENT_TEAM = K4RBK36U2H;
				INFOPLIST_FILE = "Amaro TestUITests/Info.plist";
				LD_RUNPATH_SEARCH_PATHS = "$(inherited) @executable_path/Frameworks @loader_path/Frameworks";
				PRODUCT_BUNDLE_IDENTIFIER = "com.amaro-test.Amaro-TestUITests";
				PRODUCT_NAME = "$(TARGET_NAME)";
				SWIFT_VERSION = 3.0;
				TEST_TARGET_NAME = "Amaro Test";
			};
			name = Release;
		};
/* End XCBuildConfiguration section */

/* Begin XCConfigurationList section */
		150A11BA1DCD2566002397E4 /* Build configuration list for PBXProject "Amaro Test" */ = {
			isa = XCConfigurationList;
			buildConfigurations = (
				150A11E51DCD2566002397E4 /* Debug */,
				150A11E61DCD2566002397E4 /* Release */,
			);
			defaultConfigurationIsVisible = 0;
			defaultConfigurationName = Release;
		};
		150A11E71DCD2566002397E4 /* Build configuration list for PBXNativeTarget "Amaro Test" */ = {
			isa = XCConfigurationList;
			buildConfigurations = (
				150A11E81DCD2566002397E4 /* Debug */,
				150A11E91DCD2566002397E4 /* Release */,
			);
			defaultConfigurationIsVisible = 0;
			defaultConfigurationName = Release;
		};
		150A11EA1DCD2566002397E4 /* Build configuration list for PBXNativeTarget "Amaro TestTests" */ = {
			isa = XCConfigurationList;
			buildConfigurations = (
				150A11EB1DCD2566002397E4 /* Debug */,
				150A11EC1DCD2566002397E4 /* Release */,
			);
			defaultConfigurationIsVisible = 0;
			defaultConfigurationName = Release;
		};
		150A11ED1DCD2566002397E4 /* Build configuration list for PBXNativeTarget "Amaro TestUITests" */ = {
			isa = XCConfigurationList;
			buildConfigurations = (
				150A11EE1DCD2566002397E4 /* Debug */,
				150A11EF1DCD2566002397E4 /* Release */,
			);
			defaultConfigurationIsVisible = 0;
			defaultConfigurationName = Release;
		};
/* End XCConfigurationList section */
	};
	rootObject = 150A11B71DCD2566002397E4 /* Project object */;
}
